
Microsoft Visual Studio Solution File, Format Version 12.00
# Visual Studio 15
VisualStudioVersion = 15.0.28307.106
MinimumVisualStudioVersion = 10.0.40219.1
Project("{FAE04EC0-301F-11D3-BF4B-00C04F79EFBC}") = "RenderLayout", "RenderLayout\RenderLayout.csproj", "{49E7EB25-A50A-4BB6-B63D-F59D266ED0FF}"
EndProject
Global
	GlobalSection(SolutionConfigurationPlatforms) = preSolution
		Debug|Any CPU = Debug|Any CPU
		Release|Any CPU = Release|Any CPU
	EndGlobalSection
	GlobalSection(ProjectConfigurationPlatforms) = postSolution
		{49E7EB25-A50A-4BB6-B63D-F59D266ED0FF}.Debug|Any CPU.ActiveCfg = Debug|Any CPU
		{49E7EB25-A50A-4BB6-B63D-F59D266ED0FF}.Debug|Any CPU.Build.0 = Debug|Any CPU
		{49E7EB25-A50A-4BB6-B63D-F59D266ED0FF}.Release|Any CPU.ActiveCfg = Release|Any CPU
		{49E7EB25-A50A-4BB6-B63D-F59D266ED0FF}.Release|Any CPU.Build.0 = Release|Any CPU
	EndGlobalSection
	GlobalSection(SolutionProperties) = preSolution
		HideSolutionNode = FALSE
	EndGlobalSection
	GlobalSection(ExtensibilityGlobals) = postSolution
		SolutionGuid = {76EF1A4E-ECED-45F3-A143-6D39A2B6620C}
	EndGlobalSection
EndGlobal
