
Microsoft Visual Studio Solution File, Format Version 12.00
# Visual Studio 15
VisualStudioVersion = 15.0.28307.106
MinimumVisualStudioVersion = 10.0.40219.1
Project("{FAE04EC0-301F-11D3-BF4B-00C04F79EFBC}") = "DOS", "ConexaoBD\DOS.csproj", "{18481BD7-7FD0-4521-9B4C-6E6A90324535}"
EndProject
Project("{FAE04EC0-301F-11D3-BF4B-00C04F79EFBC}") = "BDProjeto.RepositorioADO", "BDProjeto.Repositorio\BDProjeto.RepositorioADO.csproj", "{E4B7A2CB-8FDD-495A-BCA0-0E613C9FF47B}"
EndProject
Project("{FAE04EC0-301F-11D3-BF4B-00C04F79EFBC}") = "BDProjeto.Dominio", "BDProjeto.Dominio\BDProjeto.Dominio.csproj", "{A1691320-B410-464D-902F-05A4EB77A20F}"
EndProject
Project("{FAE04EC0-301F-11D3-BF4B-00C04F79EFBC}") = "BDProjeto.Aplicacao", "BDProjeto.Aplicacao\BDProjeto.Aplicacao.csproj", "{27D9AD23-2B78-40CE-868B-EA0974D67E61}"
EndProject
Project("{FAE04EC0-301F-11D3-BF4B-00C04F79EFBC}") = "WEB", "WEB\WEB.csproj", "{C39E9218-A3F2-4937-B327-3529C5B73B5E}"
EndProject
Project("{FAE04EC0-301F-11D3-BF4B-00C04F79EFBC}") = "BDProjeto.RepositorioEF", "BDProjeto.RepositorioEF\BDProjeto.RepositorioEF.csproj", "{52D0EDB6-60DC-4B1C-A898-B49927BD838A}"
EndProject
Global
	GlobalSection(SolutionConfigurationPlatforms) = preSolution
		Debug|Any CPU = Debug|Any CPU
		Release|Any CPU = Release|Any CPU
	EndGlobalSection
	GlobalSection(ProjectConfigurationPlatforms) = postSolution
		{18481BD7-7FD0-4521-9B4C-6E6A90324535}.Debug|Any CPU.ActiveCfg = Debug|Any CPU
		{18481BD7-7FD0-4521-9B4C-6E6A90324535}.Debug|Any CPU.Build.0 = Debug|Any CPU
		{18481BD7-7FD0-4521-9B4C-6E6A90324535}.Release|Any CPU.ActiveCfg = Release|Any CPU
		{18481BD7-7FD0-4521-9B4C-6E6A90324535}.Release|Any CPU.Build.0 = Release|Any CPU
		{E4B7A2CB-8FDD-495A-BCA0-0E613C9FF47B}.Debug|Any CPU.ActiveCfg = Debug|Any CPU
		{E4B7A2CB-8FDD-495A-BCA0-0E613C9FF47B}.Debug|Any CPU.Build.0 = Debug|Any CPU
		{E4B7A2CB-8FDD-495A-BCA0-0E613C9FF47B}.Release|Any CPU.ActiveCfg = Release|Any CPU
		{E4B7A2CB-8FDD-495A-BCA0-0E613C9FF47B}.Release|Any CPU.Build.0 = Release|Any CPU
		{A1691320-B410-464D-902F-05A4EB77A20F}.Debug|Any CPU.ActiveCfg = Debug|Any CPU
		{A1691320-B410-464D-902F-05A4EB77A20F}.Debug|Any CPU.Build.0 = Debug|Any CPU
		{A1691320-B410-464D-902F-05A4EB77A20F}.Release|Any CPU.ActiveCfg = Release|Any CPU
		{A1691320-B410-464D-902F-05A4EB77A20F}.Release|Any CPU.Build.0 = Release|Any CPU
		{27D9AD23-2B78-40CE-868B-EA0974D67E61}.Debug|Any CPU.ActiveCfg = Debug|Any CPU
		{27D9AD23-2B78-40CE-868B-EA0974D67E61}.Debug|Any CPU.Build.0 = Debug|Any CPU
		{27D9AD23-2B78-40CE-868B-EA0974D67E61}.Release|Any CPU.ActiveCfg = Release|Any CPU
		{27D9AD23-2B78-40CE-868B-EA0974D67E61}.Release|Any CPU.Build.0 = Release|Any CPU
		{C39E9218-A3F2-4937-B327-3529C5B73B5E}.Debug|Any CPU.ActiveCfg = Debug|Any CPU
		{C39E9218-A3F2-4937-B327-3529C5B73B5E}.Debug|Any CPU.Build.0 = Debug|Any CPU
		{C39E9218-A3F2-4937-B327-3529C5B73B5E}.Release|Any CPU.ActiveCfg = Release|Any CPU
		{C39E9218-A3F2-4937-B327-3529C5B73B5E}.Release|Any CPU.Build.0 = Release|Any CPU
		{52D0EDB6-60DC-4B1C-A898-B49927BD838A}.Debug|Any CPU.ActiveCfg = Debug|Any CPU
		{52D0EDB6-60DC-4B1C-A898-B49927BD838A}.Debug|Any CPU.Build.0 = Debug|Any CPU
		{52D0EDB6-60DC-4B1C-A898-B49927BD838A}.Release|Any CPU.ActiveCfg = Release|Any CPU
		{52D0EDB6-60DC-4B1C-A898-B49927BD838A}.Release|Any CPU.Build.0 = Release|Any CPU
	EndGlobalSection
	GlobalSection(SolutionProperties) = preSolution
		HideSolutionNode = FALSE
	EndGlobalSection
	GlobalSection(ExtensibilityGlobals) = postSolution
		SolutionGuid = {3FBA1610-5F6F-48BA-A2FA-8808660BB502}
	EndGlobalSection
EndGlobal
